PODS:
  - AFNetworking (3.1.0):
    - AFNetworking/NSURLSession (= 3.1.0)
    - AFNetworking/Reachability (= 3.1.0)
    - AFNetworking/Security (= 3.1.0)
    - AFNetworking/Serialization (= 3.1.0)
    - AFNetworking/UIKit (= 3.1.0)
  - AFNetworking/NSURLSession (3.1.0):
    - AFNetworking/Reachability
    - AFNetworking/Security
    - AFNetworking/Serialization
  - AFNetworking/Reachability (3.1.0)
  - AFNetworking/Security (3.1.0)
  - AFNetworking/Serialization (3.1.0)
  - AFNetworking/UIKit (3.1.0):
    - AFNetworking/NSURLSession
  - BaiduMapKit (4.2.0)
  - DZNEmptyDataSet (1.8.1)
  - IQKeyboardManager (6.2.0)
  - Masonry (1.1.0)
  - MJRefresh (3.1.15.7)
  - QMUIKit (2.9.2):
    - QMUIKit/QMUIComponents (= 2.9.2)
    - QMUIKit/QMUICore (= 2.9.2)
    - QMUIKit/QMUILog (= 2.9.2)
    - QMUIKit/QMUIMainFrame (= 2.9.2)
    - QMUIKit/QMUIResources (= 2.9.2)
    - QMUIKit/QMUIWeakObjectContainer (= 2.9.2)
  - QMUIKit/QMUIComponents (2.9.2):
    - QMUIKit/QMUIComponents/NavigationBarTransition (= 2.9.2)
    - QMUIKit/QMUIComponents/QMUIAlertController (= 2.9.2)
    - QMUIKit/QMUIComponents/QMUIAssetLibrary (= 2.9.2)
    - QMUIKit/QMUIComponents/QMUIBadge (= 2.9.2)
    - QMUIKit/QMUIComponents/QMUIButton (= 2.9.2)
    - QMUIKit/QMUIComponents/QMUICAAnimationExtension (= 2.9.2)
    - QMUIKit/QMUIComponents/QMUICellHeightCache (= 2.9.2)
    - QMUIKit/QMUIComponents/QMUICellHeightKeyCache (= 2.9.2)
    - QMUIKit/QMUIComponents/QMUICellSizeKeyCache (= 2.9.2)
    - QMUIKit/QMUIComponents/QMUICollectionViewPagingLayout (= 2.9.2)
    - QMUIKit/QMUIComponents/QMUIDialogViewController (= 2.9.2)
    - QMUIKit/QMUIComponents/QMUIEmotionInputManager (= 2.9.2)
    - QMUIKit/QMUIComponents/QMUIEmotionView (= 2.9.2)
    - QMUIKit/QMUIComponents/QMUIEmptyView (= 2.9.2)
    - QMUIKit/QMUIComponents/QMUIFillButton (= 2.9.2)
    - QMUIKit/QMUIComponents/QMUIFloatLayoutView (= 2.9.2)
    - QMUIKit/QMUIComponents/QMUIGhostButton (= 2.9.2)
    - QMUIKit/QMUIComponents/QMUIGridView (= 2.9.2)
    - QMUIKit/QMUIComponents/QMUIImagePickerLibrary (= 2.9.2)
    - QMUIKit/QMUIComponents/QMUIImagePreviewView (= 2.9.2)
    - QMUIKit/QMUIComponents/QMUIImagePreviewViewController (= 2.9.2)
    - QMUIKit/QMUIComponents/QMUIKeyboardManager (= 2.9.2)
    - QMUIKit/QMUIComponents/QMUILabel (= 2.9.2)
    - QMUIKit/QMUIComponents/QMUILinkButton (= 2.9.2)
    - QMUIKit/QMUIComponents/QMUILogManagerViewController (= 2.9.2)
    - QMUIKit/QMUIComponents/QMUILogWithConfigurationSupported (= 2.9.2)
    - QMUIKit/QMUIComponents/QMUIMarqueeLabel (= 2.9.2)
    - QMUIKit/QMUIComponents/QMUIModalPresentationViewController (= 2.9.2)
    - QMUIKit/QMUIComponents/QMUIMoreOperationController (= 2.9.2)
    - QMUIKit/QMUIComponents/QMUIMultipleDelegates (= 2.9.2)
    - QMUIKit/QMUIComponents/QMUINavigationButton (= 2.9.2)
    - QMUIKit/QMUIComponents/QMUINavigationTitleView (= 2.9.2)
    - QMUIKit/QMUIComponents/QMUIOrderedDictionary (= 2.9.2)
    - QMUIKit/QMUIComponents/QMUIPieProgressView (= 2.9.2)
    - QMUIKit/QMUIComponents/QMUIPopupContainerView (= 2.9.2)
    - QMUIKit/QMUIComponents/QMUIPopupMenuView (= 2.9.2)
    - QMUIKit/QMUIComponents/QMUIScrollAnimator (= 2.9.2)
    - QMUIKit/QMUIComponents/QMUISearchBar (= 2.9.2)
    - QMUIKit/QMUIComponents/QMUISearchController (= 2.9.2)
    - QMUIKit/QMUIComponents/QMUISegmentedControl (= 2.9.2)
    - QMUIKit/QMUIComponents/QMUISlider (= 2.9.2)
    - QMUIKit/QMUIComponents/QMUIStaticTableView (= 2.9.2)
    - QMUIKit/QMUIComponents/QMUITableView (= 2.9.2)
    - QMUIKit/QMUIComponents/QMUITableViewCell (= 2.9.2)
    - QMUIKit/QMUIComponents/QMUITableViewHeaderFooterView (= 2.9.2)
    - QMUIKit/QMUIComponents/QMUITableViewProtocols (= 2.9.2)
    - QMUIKit/QMUIComponents/QMUITestView (= 2.9.2)
    - QMUIKit/QMUIComponents/QMUITextField (= 2.9.2)
    - QMUIKit/QMUIComponents/QMUITextView (= 2.9.2)
    - QMUIKit/QMUIComponents/QMUITips (= 2.9.2)
    - QMUIKit/QMUIComponents/QMUIToastView (= 2.9.2)
    - QMUIKit/QMUIComponents/QMUIToolbarButton (= 2.9.2)
    - QMUIKit/QMUIComponents/QMUIVisualEffectView (= 2.9.2)
    - QMUIKit/QMUIComponents/QMUIZoomImageView (= 2.9.2)
    - QMUIKit/QMUICore
  - QMUIKit/QMUIComponents/NavigationBarTransition (2.9.2):
    - QMUIKit/QMUIComponents/QMUINavigationTitleView
    - QMUIKit/QMUICore
    - QMUIKit/QMUIMainFrame
  - QMUIKit/QMUIComponents/QMUIAlertController (2.9.2):
    - QMUIKit/QMUIComponents/QMUIButton
    - QMUIKit/QMUIComponents/QMUIModalPresentationViewController
    - QMUIKit/QMUIComponents/QMUITextField
    - QMUIKit/QMUICore
  - QMUIKit/QMUIComponents/QMUIAssetLibrary (2.9.2):
    - QMUIKit/QMUICore
  - QMUIKit/QMUIComponents/QMUIBadge (2.9.2):
    - QMUIKit/QMUIComponents/QMUILabel
    - QMUIKit/QMUICore
  - QMUIKit/QMUIComponents/QMUIButton (2.9.2):
    - QMUIKit/QMUICore
  - QMUIKit/QMUIComponents/QMUICAAnimationExtension (2.9.2):
    - QMUIKit/QMUIComponents/QMUIMultipleDelegates
    - QMUIKit/QMUICore
  - QMUIKit/QMUIComponents/QMUICellHeightCache (2.9.2):
    - QMUIKit/QMUIComponents/QMUITableViewProtocols
    - QMUIKit/QMUICore
  - QMUIKit/QMUIComponents/QMUICellHeightKeyCache (2.9.2):
    - QMUIKit/QMUIComponents/QMUIMultipleDelegates
    - QMUIKit/QMUIComponents/QMUITableViewProtocols
    - QMUIKit/QMUICore
  - QMUIKit/QMUIComponents/QMUICellSizeKeyCache (2.9.2):
    - QMUIKit/QMUIComponents/QMUIMultipleDelegates
    - QMUIKit/QMUICore
  - QMUIKit/QMUIComponents/QMUICollectionViewPagingLayout (2.9.2):
    - QMUIKit/QMUICore
  - QMUIKit/QMUIComponents/QMUIDialogViewController (2.9.2):
    - QMUIKit/QMUIComponents/QMUIButton
    - QMUIKit/QMUIComponents/QMUILabel
    - QMUIKit/QMUIComponents/QMUIModalPresentationViewController
    - QMUIKit/QMUIComponents/QMUINavigationTitleView
    - QMUIKit/QMUIComponents/QMUITableView
    - QMUIKit/QMUIComponents/QMUITableViewCell
    - QMUIKit/QMUIComponents/QMUITextField
    - QMUIKit/QMUICore
    - QMUIKit/QMUIMainFrame
  - QMUIKit/QMUIComponents/QMUIEmotionInputManager (2.9.2):
    - QMUIKit/QMUIComponents/QMUIEmotionView
    - QMUIKit/QMUICore
  - QMUIKit/QMUIComponents/QMUIEmotionView (2.9.2):
    - QMUIKit/QMUIComponents/QMUIButton
    - QMUIKit/QMUICore
    - QMUIKit/QMUIResources
  - QMUIKit/QMUIComponents/QMUIEmptyView (2.9.2):
    - QMUIKit/QMUIComponents/QMUIButton
    - QMUIKit/QMUICore
  - QMUIKit/QMUIComponents/QMUIFillButton (2.9.2):
    - QMUIKit/QMUIComponents/QMUIButton
    - QMUIKit/QMUICore
  - QMUIKit/QMUIComponents/QMUIFloatLayoutView (2.9.2):
    - QMUIKit/QMUICore
  - QMUIKit/QMUIComponents/QMUIGhostButton (2.9.2):
    - QMUIKit/QMUIComponents/QMUIButton
    - QMUIKit/QMUICore
  - QMUIKit/QMUIComponents/QMUIGridView (2.9.2):
    - QMUIKit/QMUICore
  - QMUIKit/QMUIComponents/QMUIImagePickerLibrary (2.9.2):
    - QMUIKit/QMUIComponents/QMUIAlertController
    - QMUIKit/QMUIComponents/QMUIAssetLibrary
    - QMUIKit/QMUIComponents/QMUIButton
    - QMUIKit/QMUIComponents/QMUIEmptyView
    - QMUIKit/QMUIComponents/QMUIImagePreviewViewController
    - QMUIKit/QMUIComponents/QMUINavigationButton
    - QMUIKit/QMUIComponents/QMUITableViewCell
    - QMUIKit/QMUIComponents/QMUIZoomImageView
    - QMUIKit/QMUICore
    - QMUIKit/QMUIMainFrame
    - QMUIKit/QMUIResources
  - QMUIKit/QMUIComponents/QMUIImagePreviewView (2.9.2):
    - QMUIKit/QMUIComponents/QMUIButton
    - QMUIKit/QMUIComponents/QMUICollectionViewPagingLayout
    - QMUIKit/QMUIComponents/QMUIEmptyView
    - QMUIKit/QMUIComponents/QMUIPieProgressView
    - QMUIKit/QMUIComponents/QMUIZoomImageView
    - QMUIKit/QMUICore
  - QMUIKit/QMUIComponents/QMUIImagePreviewViewController (2.9.2):
    - QMUIKit/QMUIComponents/QMUIImagePreviewView
    - QMUIKit/QMUICore
    - QMUIKit/QMUIMainFrame
  - QMUIKit/QMUIComponents/QMUIKeyboardManager (2.9.2):
    - QMUIKit/QMUICore
  - QMUIKit/QMUIComponents/QMUILabel (2.9.2):
    - QMUIKit/QMUICore
  - QMUIKit/QMUIComponents/QMUILinkButton (2.9.2):
    - QMUIKit/QMUIComponents/QMUIButton
    - QMUIKit/QMUICore
  - QMUIKit/QMUIComponents/QMUILogManagerViewController (2.9.2):
    - QMUIKit/QMUIComponents/QMUIPopupMenuView
    - QMUIKit/QMUIComponents/QMUISearchController
    - QMUIKit/QMUIComponents/QMUIStaticTableView
    - QMUIKit/QMUIComponents/QMUITableView
    - QMUIKit/QMUICore
    - QMUIKit/QMUIMainFrame
  - QMUIKit/QMUIComponents/QMUILogWithConfigurationSupported (2.9.2):
    - QMUIKit/QMUICore
  - QMUIKit/QMUIComponents/QMUIMarqueeLabel (2.9.2):
    - QMUIKit/QMUICore
  - QMUIKit/QMUIComponents/QMUIModalPresentationViewController (2.9.2):
    - QMUIKit/QMUIComponents/QMUIKeyboardManager
    - QMUIKit/QMUICore
  - QMUIKit/QMUIComponents/QMUIMoreOperationController (2.9.2):
    - QMUIKit/QMUIComponents/QMUIButton
    - QMUIKit/QMUIComponents/QMUIModalPresentationViewController
    - QMUIKit/QMUICore
  - QMUIKit/QMUIComponents/QMUIMultipleDelegates (2.9.2):
    - QMUIKit/QMUICore
  - QMUIKit/QMUIComponents/QMUINavigationButton (2.9.2):
    - QMUIKit/QMUICore
    - QMUIKit/QMUIMainFrame
  - QMUIKit/QMUIComponents/QMUINavigationTitleView (2.9.2):
    - QMUIKit/QMUIComponents/QMUIButton
    - QMUIKit/QMUICore
  - QMUIKit/QMUIComponents/QMUIOrderedDictionary (2.9.2):
    - QMUIKit/QMUICore
  - QMUIKit/QMUIComponents/QMUIPieProgressView (2.9.2):
    - QMUIKit/QMUICore
  - QMUIKit/QMUIComponents/QMUIPopupContainerView (2.9.2):
    - QMUIKit/QMUICore
    - QMUIKit/QMUIMainFrame
  - QMUIKit/QMUIComponents/QMUIPopupMenuView (2.9.2):
    - QMUIKit/QMUIComponents/QMUIButton
    - QMUIKit/QMUIComponents/QMUIPopupContainerView
    - QMUIKit/QMUICore
  - QMUIKit/QMUIComponents/QMUIScrollAnimator (2.9.2):
    - QMUIKit/QMUIComponents/QMUIMultipleDelegates
    - QMUIKit/QMUICore
  - QMUIKit/QMUIComponents/QMUISearchBar (2.9.2):
    - QMUIKit/QMUICore
  - QMUIKit/QMUIComponents/QMUISearchController (2.9.2):
    - QMUIKit/QMUIComponents/QMUIEmptyView
    - QMUIKit/QMUIComponents/QMUISearchBar
    - QMUIKit/QMUICore
    - QMUIKit/QMUIMainFrame
  - QMUIKit/QMUIComponents/QMUISegmentedControl (2.9.2):
    - QMUIKit/QMUICore
  - QMUIKit/QMUIComponents/QMUISlider (2.9.2):
    - QMUIKit/QMUICore
  - QMUIKit/QMUIComponents/QMUIStaticTableView (2.9.2):
    - QMUIKit/QMUIComponents/QMUIMultipleDelegates
    - QMUIKit/QMUIComponents/QMUITableViewCell
    - QMUIKit/QMUICore
  - QMUIKit/QMUIComponents/QMUITableView (2.9.2):
    - QMUIKit/QMUIComponents/QMUITableViewProtocols
    - QMUIKit/QMUICore
  - QMUIKit/QMUIComponents/QMUITableViewCell (2.9.2):
    - QMUIKit/QMUIComponents/QMUIButton
    - QMUIKit/QMUICore
  - QMUIKit/QMUIComponents/QMUITableViewHeaderFooterView (2.9.2):
    - QMUIKit/QMUICore
  - QMUIKit/QMUIComponents/QMUITableViewProtocols (2.9.2):
    - QMUIKit/QMUICore
  - QMUIKit/QMUIComponents/QMUITestView (2.9.2):
    - QMUIKit/QMUICore
  - QMUIKit/QMUIComponents/QMUITextField (2.9.2):
    - QMUIKit/QMUIComponents/QMUIMultipleDelegates
    - QMUIKit/QMUICore
  - QMUIKit/QMUIComponents/QMUITextView (2.9.2):
    - QMUIKit/QMUIComponents/QMUILabel
    - QMUIKit/QMUIComponents/QMUIMultipleDelegates
    - QMUIKit/QMUICore
  - QMUIKit/QMUIComponents/QMUITips (2.9.2):
    - QMUIKit/QMUIComponents/QMUIToastView
    - QMUIKit/QMUICore
    - QMUIKit/QMUIResources
  - QMUIKit/QMUIComponents/QMUIToastView (2.9.2):
    - QMUIKit/QMUIComponents/QMUIKeyboardManager
    - QMUIKit/QMUICore
  - QMUIKit/QMUIComponents/QMUIToolbarButton (2.9.2):
    - QMUIKit/QMUICore
  - QMUIKit/QMUIComponents/QMUIVisualEffectView (2.9.2):
    - QMUIKit/QMUICore
  - QMUIKit/QMUIComponents/QMUIZoomImageView (2.9.2):
    - QMUIKit/QMUIComponents/QMUIAssetLibrary
    - QMUIKit/QMUIComponents/QMUIButton
    - QMUIKit/QMUIComponents/QMUIEmptyView
    - QMUIKit/QMUIComponents/QMUIPieProgressView
    - QMUIKit/QMUIComponents/QMUISlider
    - QMUIKit/QMUICore
  - QMUIKit/QMUICore (2.9.2):
    - QMUIKit/QMUILog
    - QMUIKit/QMUIWeakObjectContainer
  - QMUIKit/QMUILog (2.9.2)
  - QMUIKit/QMUIMainFrame (2.9.2):
    - QMUIKit/QMUIComponents/QMUIEmptyView
    - QMUIKit/QMUIComponents/QMUIKeyboardManager
    - QMUIKit/QMUIComponents/QMUIMultipleDelegates
    - QMUIKit/QMUIComponents/QMUINavigationTitleView
    - QMUIKit/QMUIComponents/QMUITableView
    - QMUIKit/QMUIComponents/QMUITableViewHeaderFooterView
    - QMUIKit/QMUICore
    - QMUIKit/QMUILog
  - QMUIKit/QMUIResources (2.9.2)
  - QMUIKit/QMUIWeakObjectContainer (2.9.2)
  - Reachability (3.2)
  - SDCycleScrollView (1.75):
    - SDWebImage (>= 4.0.0)
  - SDWebImage (4.4.2):
    - SDWebImage/Core (= 4.4.2)
  - SDWebImage/Core (4.4.2)
  - SVProgressHUD (2.2.5)
  - YYKit (1.0.9):
    - YYKit/no-arc (= 1.0.9)
  - YYKit/no-arc (1.0.9)

DEPENDENCIES:
  - AFNetworking (~> 3.1.0)
  - BaiduMapKit
  - DZNEmptyDataSet (~> 1.8.1)
  - IQKeyboardManager
  - Masonry
  - MJRefresh
  - QMUIKit
  - Reachability (~> 3.2)
  - SDCycleScrollView (~> 1.75)
  - SDWebImage (~> 4.0)
  - SVProgressHUD
  - YYKit

SPEC REPOS:
  https://github.com/cocoapods/specs.git:
    - AFNetworking
    - BaiduMapKit
    - DZNEmptyDataSet
    - IQKeyboardManager
    - Masonry
    - MJRefresh
    - QMUIKit
    - Reachability
    - SDCycleScrollView
    - SDWebImage
    - SVProgressHUD
    - YYKit

SPEC CHECKSUMS:
  AFNetworking: 5e0e199f73d8626b11e79750991f5d173d1f8b67
  BaiduMapKit: b6a8f31b3d2e4e5cad4084512a0d9a3878638272
  DZNEmptyDataSet: 9525833b9e68ac21c30253e1d3d7076cc828eaa7
  IQKeyboardManager: 6194101620b73af5e67900b8f89707a99de0b804
  Masonry: 678fab65091a9290e40e2832a55e7ab731aad201
  MJRefresh: 697f8ec75ebdbe9207767bb682cf0f51b0d8a41f
  QMUIKit: 8b16b24a75dc6c97310120ba06abc9d92a253ff4
  Reachability: 33e18b67625424e47b6cde6d202dce689ad7af96
  SDCycleScrollView: 884b88f0266dd4708a0e1934975c69cb971707b1
  SDWebImage: 624d6e296c69b244bcede364c72ae0430ac14681
  SVProgressHUD: 1428aafac632c1f86f62aa4243ec12008d7a51d6
  YYKit: 7cda43304a8dc3696c449041e2cb3107b4e236e7

PODFILE CHECKSUM: 5a1e6906d2a176a04d9d603bcea6d0c366877c8e

COCOAPODS: 1.5.3
